{
  "name": "tfg-recipe-viewer",
  "lockfileVersion": 3,
  "requires": true,
  "packages": {
    "": {
      "name": "tfg-recipe-viewer",
      "hasInstallScript": true,
      "dependencies": {
        "emi-recipe-renderer": "0.2.1"
      },
      "engines": {
        "node": ">=18"
      }
    },
    "node_modules/emi-recipe-renderer": {
      "version": "0.2.1",
      "resolved": "https://registry.npmjs.org/emi-recipe-renderer/-/emi-recipe-renderer-0.2.1.tgz",
      "integrity": "sha512-u6C7VFaJ26DakF+sIY7d5mAENwJJWc5r3Xnp0H5nOFlRLlOWdLa7MzUwZC9vHj1XcXq+ozZyLPGiJpX0NYmQhQ==",
      "license": "MIT",
      "engines": {
        "node": ">=18"
      }
    }
  }
}
